
Microsoft Visual Studio Solution File, Format Version 12.00
# Visual Studio Version 17
VisualStudioVersion = 17.14.36327.8 d17.14
MinimumVisualStudioVersion = 10.0.40219.1
Project("{FAE04EC0-301F-11D3-BF4B-00C04F79EFBC}") = "ConsoleApp11", "ConsoleApp11.csproj", "{3FCE9C78-A2B1-4067-B77C-07C011EB68FF}"
EndProject
Global
	GlobalSection(SolutionConfigurationPlatforms) = preSolution
		Debug|Any CPU = Debug|Any CPU
		Release|Any CPU = Release|Any CPU
	EndGlobalSection
	GlobalSection(ProjectConfigurationPlatforms) = postSolution
		{3FCE9C78-A2B1-4067-B77C-07C011EB68FF}.Debug|Any CPU.ActiveCfg = Debug|Any CPU
		{3FCE9C78-A2B1-4067-B77C-07C011EB68FF}.Debug|Any CPU.Build.0 = Debug|Any CPU
		{3FCE9C78-A2B1-4067-B77C-07C011EB68FF}.Release|Any CPU.ActiveCfg = Release|Any CPU
		{3FCE9C78-A2B1-4067-B77C-07C011EB68FF}.Release|Any CPU.Build.0 = Release|Any CPU
	EndGlobalSection
	GlobalSection(SolutionProperties) = preSolution
		HideSolutionNode = FALSE
	EndGlobalSection
	GlobalSection(ExtensibilityGlobals) = postSolution
		SolutionGuid = {88AB8E16-FCA2-4136-B19E-5AC0E3ED5E1C}
	EndGlobalSection
EndGlobal
