
Microsoft Visual Studio Solution File, Format Version 12.00
Project("{FAE04EC0-301F-11D3-BF4B-00C04F79EFBC}") = "Praqtikuli 21.07", "Praqtikuli 21.07\Praqtikuli 21.07.csproj", "{C47D8F4E-6605-4A18-B248-E00105A887ED}"
EndProject
Global
	GlobalSection(SolutionConfigurationPlatforms) = preSolution
		Debug|Any CPU = Debug|Any CPU
		Release|Any CPU = Release|Any CPU
	EndGlobalSection
	GlobalSection(ProjectConfigurationPlatforms) = postSolution
		{C47D8F4E-6605-4A18-B248-E00105A887ED}.Debug|Any CPU.ActiveCfg = Debug|Any CPU
		{C47D8F4E-6605-4A18-B248-E00105A887ED}.Debug|Any CPU.Build.0 = Debug|Any CPU
		{C47D8F4E-6605-4A18-B248-E00105A887ED}.Release|Any CPU.ActiveCfg = Release|Any CPU
		{C47D8F4E-6605-4A18-B248-E00105A887ED}.Release|Any CPU.Build.0 = Release|Any CPU
	EndGlobalSection
EndGlobal
