
Microsoft Visual Studio Solution File, Format Version 12.00
# Visual Studio Version 17
VisualStudioVersion = 17.14.36327.8 d17.14
MinimumVisualStudioVersion = 10.0.40219.1
Project("{FAE04EC0-301F-11D3-BF4B-00C04F79EFBC}") = "BankAPP", "BankAPP.csproj", "{3ECA37B6-9C37-4B77-AF6D-AE22F8E95C42}"
EndProject
Global
	GlobalSection(SolutionConfigurationPlatforms) = preSolution
		Debug|Any CPU = Debug|Any CPU
		Release|Any CPU = Release|Any CPU
	EndGlobalSection
	GlobalSection(ProjectConfigurationPlatforms) = postSolution
		{3ECA37B6-9C37-4B77-AF6D-AE22F8E95C42}.Debug|Any CPU.ActiveCfg = Debug|Any CPU
		{3ECA37B6-9C37-4B77-AF6D-AE22F8E95C42}.Debug|Any CPU.Build.0 = Debug|Any CPU
		{3ECA37B6-9C37-4B77-AF6D-AE22F8E95C42}.Release|Any CPU.ActiveCfg = Release|Any CPU
		{3ECA37B6-9C37-4B77-AF6D-AE22F8E95C42}.Release|Any CPU.Build.0 = Release|Any CPU
	EndGlobalSection
	GlobalSection(SolutionProperties) = preSolution
		HideSolutionNode = FALSE
	EndGlobalSection
	GlobalSection(ExtensibilityGlobals) = postSolution
		SolutionGuid = {4F944F07-9532-4966-8D21-FF860B00F75C}
	EndGlobalSection
EndGlobal
